
Microsoft Visual Studio Solution File, Format Version 12.00
# Visual Studio Version 16
VisualStudioVersion = 16.0.32802.440
MinimumVisualStudioVersion = 10.0.40219.1
Project("{FAE04EC0-301F-11D3-BF4B-00C04F79EFBC}") = "SIBKMNET_WebApps", "SIBKMNET_WebApps\SIBKMNET_WebApps.csproj", "{2BF09408-0D70-414D-95A3-02C03F53D331}"
EndProject
Global
	GlobalSection(SolutionConfigurationPlatforms) = preSolution
		Debug|Any CPU = Debug|Any CPU
		Release|Any CPU = Release|Any CPU
	EndGlobalSection
	GlobalSection(ProjectConfigurationPlatforms) = postSolution
		{2BF09408-0D70-414D-95A3-02C03F53D331}.Debug|Any CPU.ActiveCfg = Debug|Any CPU
		{2BF09408-0D70-414D-95A3-02C03F53D331}.Debug|Any CPU.Build.0 = Debug|Any CPU
		{2BF09408-0D70-414D-95A3-02C03F53D331}.Release|Any CPU.ActiveCfg = Release|Any CPU
		{2BF09408-0D70-414D-95A3-02C03F53D331}.Release|Any CPU.Build.0 = Release|Any CPU
	EndGlobalSection
	GlobalSection(SolutionProperties) = preSolution
		HideSolutionNode = FALSE
	EndGlobalSection
	GlobalSection(ExtensibilityGlobals) = postSolution
		SolutionGuid = {13F839F1-27A2-4CD6-AD0F-585A54C51F4A}
	EndGlobalSection
EndGlobal
